{
  "version": 4,
  "terraform_version": "0.12.16",
  "serial": 11,
  "lineage": "943b999c-67a4-e5a3-a84a-550bf0ed7831",
  "outputs": {},
  "resources": [
    {
      "mode": "managed",
      "type": "azurerm_linux_virtual_machine",
      "name": "sshterraformvm",
      "provider": "provider.azurerm",
      "instances": [
        {
          "schema_version": 0,
          "attributes": {
            "additional_capabilities": [],
            "admin_password": null,
            "admin_ssh_key": [
              {
                "public_key": "ssh-rsa AAAAB3NzaC1yc2EAAAADAQABAAABgQCu+fWYrEkS24aCv+RwVPplmvc1En3LtT88YQHxWTYpBox9aqNFcZsXcBw9qBucRu2K1RVV5U0UQDtWyYqLAZnerzjrAW0CFS+CjLfn3k96Yo8KT2+pdBlhr5JIeMtBrLDsuHE58agN4iJ3jjCRent3H4XEC+up1JjU3VOdlRatRvEIOKN0Cipx+Yd2fBMeGxlxRlW16sSIh7ybJuk6C3NGcdDorqHsVq0pL3HDJKKIJCSbrVl8gZ9eb6XIEdSFyv58Ho7X8dTTiGsNezuMcjLCZpJD9F7QPs0AZ4CIuuOuN2GpxrQCDKg1jQ7xUVSQlfwQVOoZ/lssYmljfYFuiqNoLgTqmUixJuDY5RaG91+gXsHLdP4Py7UNMEXVDzrJy4LIAPjPFb5y7q02qjtRWtfm4i7ge+XbRv6L3HAfCZhuXYftZzPL3hU1I2RxK5B4o6p/DAvw+zWbLC3jWeGa9tjU4JOJUYd1BXBzv1DTTzJTMB1c5AhBxF0/lSGpArpJL8E= sajal.golas@srijans-MacBook-Pro-4.local\n",
                "username": "sshadmin"
              }
            ],
            "admin_username": "sshadmin",
            "allow_extension_operations": true,
            "availability_set_id": "",
            "boot_diagnostics": [
              {
                "storage_account_uri": "https://diag8368b578fff7f0ab.blob.core.windows.net/"
              }
            ],
            "computer_name": "sshvm",
            "custom_data": null,
            "dedicated_host_id": "",
            "disable_password_authentication": true,
            "eviction_policy": "",
            "id": "/subscriptions/3136ec69-c7c7-4d73-ae13-44f44207a83f/resourceGroups/sshResourceGroup/providers/Microsoft.Compute/virtualMachines/sshVM",
            "identity": [],
            "location": "eastus",
            "max_bid_price": -1,
            "name": "sshVM",
            "network_interface_ids": [
              "/subscriptions/3136ec69-c7c7-4d73-ae13-44f44207a83f/resourceGroups/sshResourceGroup/providers/Microsoft.Network/networkInterfaces/sshNIC"
            ],
            "os_disk": [
              {
                "caching": "ReadWrite",
                "diff_disk_settings": [],
                "disk_encryption_set_id": "",
                "disk_size_gb": 30,
                "name": "sshOsDisk",
                "storage_account_type": "Premium_LRS",
                "write_accelerator_enabled": false
              }
            ],
            "plan": [],
            "priority": "Regular",
            "private_ip_address": "10.0.1.4",
            "private_ip_addresses": [
              "10.0.1.4"
            ],
            "provision_vm_agent": true,
            "proximity_placement_group_id": "",
            "public_ip_address": "52.191.15.137",
            "public_ip_addresses": [
              "52.191.15.137"
            ],
            "resource_group_name": "sshResourceGroup",
            "secret": [],
            "size": "Standard_DS1_v2",
            "source_image_id": "",
            "source_image_reference": [
              {
                "offer": "UbuntuServer",
                "publisher": "Canonical",
                "sku": "16.04.0-LTS",
                "version": "latest"
              }
            ],
            "tags": {
              "environment": "SSH Demo"
            },
            "timeouts": null,
            "virtual_machine_id": "61302947-9ff7-4d50-9f8e-b6abee86ec1e",
            "zone": ""
          },
          "private": "eyJlMmJmYjczMC1lY2FhLTExZTYtOGY4OC0zNDM2M2JjN2M0YzAiOnsiY3JlYXRlIjoyNzAwMDAwMDAwMDAwLCJkZWxldGUiOjI3MDAwMDAwMDAwMDAsInJlYWQiOjMwMDAwMDAwMDAwMCwidXBkYXRlIjoyNzAwMDAwMDAwMDAwfX0=",
          "dependencies": [
            "azurerm_network_interface.sshterraformnic",
            "azurerm_public_ip.sshterraformpublicip",
            "azurerm_resource_group.sshterraformgroup",
            "azurerm_storage_account.sshstorageaccount",
            "azurerm_subnet.sshterraformsubnet",
            "azurerm_virtual_network.sshterraformnetwork",
            "random_id.randomId"
          ]
        }
      ]
    },
    {
      "mode": "managed",
      "type": "azurerm_network_interface",
      "name": "sshterraformnic",
      "provider": "provider.azurerm",
      "instances": [
        {
          "schema_version": 0,
          "attributes": {
            "applied_dns_servers": [],
            "dns_servers": [],
            "enable_accelerated_networking": false,
            "enable_ip_forwarding": false,
            "id": "/subscriptions/3136ec69-c7c7-4d73-ae13-44f44207a83f/resourceGroups/sshResourceGroup/providers/Microsoft.Network/networkInterfaces/sshNIC",
            "internal_dns_name_label": "",
            "ip_configuration": [
              {
                "name": "sshNicConfiguration",
                "primary": true,
                "private_ip_address": "10.0.1.4",
                "private_ip_address_allocation": "Dynamic",
                "private_ip_address_version": "IPv4",
                "public_ip_address_id": "/subscriptions/3136ec69-c7c7-4d73-ae13-44f44207a83f/resourceGroups/sshResourceGroup/providers/Microsoft.Network/publicIPAddresses/sshPublicIP",
                "subnet_id": "/subscriptions/3136ec69-c7c7-4d73-ae13-44f44207a83f/resourceGroups/sshResourceGroup/providers/Microsoft.Network/virtualNetworks/sshVnet/subnets/sshSubnet"
              }
            ],
            "location": "eastus",
            "mac_address": "",
            "name": "sshNIC",
            "private_ip_address": "10.0.1.4",
            "private_ip_addresses": [
              "10.0.1.4"
            ],
            "resource_group_name": "sshResourceGroup",
            "tags": {
              "environment": "SSH Demo"
            },
            "timeouts": null,
            "virtual_machine_id": ""
          },
          "private": "eyJlMmJmYjczMC1lY2FhLTExZTYtOGY4OC0zNDM2M2JjN2M0YzAiOnsiY3JlYXRlIjoxODAwMDAwMDAwMDAwLCJkZWxldGUiOjE4MDAwMDAwMDAwMDAsInJlYWQiOjMwMDAwMDAwMDAwMCwidXBkYXRlIjoxODAwMDAwMDAwMDAwfX0=",
          "dependencies": [
            "azurerm_public_ip.sshterraformpublicip",
            "azurerm_resource_group.sshterraformgroup",
            "azurerm_subnet.sshterraformsubnet",
            "azurerm_virtual_network.sshterraformnetwork"
          ]
        }
      ]
    },
    {
      "mode": "managed",
      "type": "azurerm_network_interface_security_group_association",
      "name": "sshexample",
      "provider": "provider.azurerm",
      "instances": [
        {
          "schema_version": 0,
          "attributes": {
            "id": "/subscriptions/3136ec69-c7c7-4d73-ae13-44f44207a83f/resourceGroups/sshResourceGroup/providers/Microsoft.Network/networkInterfaces/sshNIC|/subscriptions/3136ec69-c7c7-4d73-ae13-44f44207a83f/resourceGroups/sshResourceGroup/providers/Microsoft.Network/networkSecurityGroups/sshNetworkSecurityGroup",
            "network_interface_id": "/subscriptions/3136ec69-c7c7-4d73-ae13-44f44207a83f/resourceGroups/sshResourceGroup/providers/Microsoft.Network/networkInterfaces/sshNIC",
            "network_security_group_id": "/subscriptions/3136ec69-c7c7-4d73-ae13-44f44207a83f/resourceGroups/sshResourceGroup/providers/Microsoft.Network/networkSecurityGroups/sshNetworkSecurityGroup",
            "timeouts": null
          },
          "private": "eyJlMmJmYjczMC1lY2FhLTExZTYtOGY4OC0zNDM2M2JjN2M0YzAiOnsiY3JlYXRlIjoxODAwMDAwMDAwMDAwLCJkZWxldGUiOjE4MDAwMDAwMDAwMDAsInJlYWQiOjMwMDAwMDAwMDAwMCwidXBkYXRlIjoxODAwMDAwMDAwMDAwfX0=",
          "dependencies": [
            "azurerm_network_interface.sshterraformnic",
            "azurerm_network_security_group.sshterraformnsg",
            "azurerm_public_ip.sshterraformpublicip",
            "azurerm_resource_group.sshterraformgroup",
            "azurerm_subnet.sshterraformsubnet",
            "azurerm_virtual_network.sshterraformnetwork"
          ]
        }
      ]
    },
    {
      "mode": "managed",
      "type": "azurerm_network_security_group",
      "name": "sshterraformnsg",
      "provider": "provider.azurerm",
      "instances": [
        {
          "schema_version": 0,
          "attributes": {
            "id": "/subscriptions/3136ec69-c7c7-4d73-ae13-44f44207a83f/resourceGroups/sshResourceGroup/providers/Microsoft.Network/networkSecurityGroups/sshNetworkSecurityGroup",
            "location": "eastus",
            "name": "sshNetworkSecurityGroup",
            "resource_group_name": "sshResourceGroup",
            "security_rule": [
              {
                "access": "Allow",
                "description": "",
                "destination_address_prefix": "*",
                "destination_address_prefixes": [],
                "destination_application_security_group_ids": [],
                "destination_port_range": "22",
                "destination_port_ranges": [],
                "direction": "Inbound",
                "name": "SSH",
                "priority": 1001,
                "protocol": "Tcp",
                "source_address_prefix": "*",
                "source_address_prefixes": [],
                "source_application_security_group_ids": [],
                "source_port_range": "*",
                "source_port_ranges": []
              }
            ],
            "tags": {
              "environment": "SSH Demo"
            },
            "timeouts": null
          },
          "private": "eyJlMmJmYjczMC1lY2FhLTExZTYtOGY4OC0zNDM2M2JjN2M0YzAiOnsiY3JlYXRlIjoxODAwMDAwMDAwMDAwLCJkZWxldGUiOjE4MDAwMDAwMDAwMDAsInJlYWQiOjMwMDAwMDAwMDAwMCwidXBkYXRlIjoxODAwMDAwMDAwMDAwfX0=",
          "dependencies": [
            "azurerm_resource_group.sshterraformgroup"
          ]
        }
      ]
    },
    {
      "mode": "managed",
      "type": "azurerm_public_ip",
      "name": "sshterraformpublicip",
      "provider": "provider.azurerm",
      "instances": [
        {
          "schema_version": 0,
          "attributes": {
            "allocation_method": "Dynamic",
            "domain_name_label": null,
            "fqdn": null,
            "id": "/subscriptions/3136ec69-c7c7-4d73-ae13-44f44207a83f/resourceGroups/sshResourceGroup/providers/Microsoft.Network/publicIPAddresses/sshPublicIP",
            "idle_timeout_in_minutes": 4,
            "ip_address": "",
            "ip_version": "IPv4",
            "location": "eastus",
            "name": "sshPublicIP",
            "public_ip_prefix_id": null,
            "resource_group_name": "sshResourceGroup",
            "reverse_fqdn": null,
            "sku": "Basic",
            "tags": {
              "environment": "SSH Demo"
            },
            "timeouts": null,
            "zones": null
          },
          "private": "eyJlMmJmYjczMC1lY2FhLTExZTYtOGY4OC0zNDM2M2JjN2M0YzAiOnsiY3JlYXRlIjoxODAwMDAwMDAwMDAwLCJkZWxldGUiOjE4MDAwMDAwMDAwMDAsInJlYWQiOjMwMDAwMDAwMDAwMCwidXBkYXRlIjoxODAwMDAwMDAwMDAwfX0=",
          "dependencies": [
            "azurerm_resource_group.sshterraformgroup"
          ]
        }
      ]
    },
    {
      "mode": "managed",
      "type": "azurerm_resource_group",
      "name": "sshterraformgroup",
      "provider": "provider.azurerm",
      "instances": [
        {
          "schema_version": 0,
          "attributes": {
            "id": "/subscriptions/3136ec69-c7c7-4d73-ae13-44f44207a83f/resourceGroups/sshResourceGroup",
            "location": "eastus",
            "name": "sshResourceGroup",
            "tags": {
              "environment": "SSH Demo"
            },
            "timeouts": null
          },
          "private": "eyJlMmJmYjczMC1lY2FhLTExZTYtOGY4OC0zNDM2M2JjN2M0YzAiOnsiY3JlYXRlIjo1NDAwMDAwMDAwMDAwLCJkZWxldGUiOjU0MDAwMDAwMDAwMDAsInJlYWQiOjMwMDAwMDAwMDAwMCwidXBkYXRlIjo1NDAwMDAwMDAwMDAwfX0="
        }
      ]
    },
    {
      "mode": "managed",
      "type": "azurerm_storage_account",
      "name": "sshstorageaccount",
      "provider": "provider.azurerm",
      "instances": [
        {
          "schema_version": 2,
          "attributes": {
            "access_tier": "Hot",
            "account_kind": "StorageV2",
            "account_replication_type": "LRS",
            "account_tier": "Standard",
            "blob_properties": [],
            "custom_domain": [],
            "enable_https_traffic_only": true,
            "id": "/subscriptions/3136ec69-c7c7-4d73-ae13-44f44207a83f/resourceGroups/sshResourceGroup/providers/Microsoft.Storage/storageAccounts/diag8368b578fff7f0ab",
            "identity": [],
            "is_hns_enabled": false,
            "location": "eastus",
            "name": "diag8368b578fff7f0ab",
            "network_rules": [
              {
                "bypass": [
                  "AzureServices"
                ],
                "default_action": "Allow",
                "ip_rules": [],
                "virtual_network_subnet_ids": []
              }
            ],
            "primary_access_key": "SjDKjRmN/taipYhYhHyYhaQCDNrD06THCBlkVjDYHXa8tC4mDvCJHs1SvjTD0kzxmR+21+hbF/lgI/TzLIPz7g==",
            "primary_blob_connection_string": "DefaultEndpointsProtocol=https;BlobEndpoint=https://diag8368b578fff7f0ab.blob.core.windows.net/;AccountName=diag8368b578fff7f0ab;AccountKey=SjDKjRmN/taipYhYhHyYhaQCDNrD06THCBlkVjDYHXa8tC4mDvCJHs1SvjTD0kzxmR+21+hbF/lgI/TzLIPz7g==",
            "primary_blob_endpoint": "https://diag8368b578fff7f0ab.blob.core.windows.net/",
            "primary_blob_host": "diag8368b578fff7f0ab.blob.core.windows.net",
            "primary_connection_string": "DefaultEndpointsProtocol=https;AccountName=diag8368b578fff7f0ab;AccountKey=SjDKjRmN/taipYhYhHyYhaQCDNrD06THCBlkVjDYHXa8tC4mDvCJHs1SvjTD0kzxmR+21+hbF/lgI/TzLIPz7g==;EndpointSuffix=core.windows.net",
            "primary_dfs_endpoint": "https://diag8368b578fff7f0ab.dfs.core.windows.net/",
            "primary_dfs_host": "diag8368b578fff7f0ab.dfs.core.windows.net",
            "primary_file_endpoint": "https://diag8368b578fff7f0ab.file.core.windows.net/",
            "primary_file_host": "diag8368b578fff7f0ab.file.core.windows.net",
            "primary_location": "eastus",
            "primary_queue_endpoint": "https://diag8368b578fff7f0ab.queue.core.windows.net/",
            "primary_queue_host": "diag8368b578fff7f0ab.queue.core.windows.net",
            "primary_table_endpoint": "https://diag8368b578fff7f0ab.table.core.windows.net/",
            "primary_table_host": "diag8368b578fff7f0ab.table.core.windows.net",
            "primary_web_endpoint": "https://diag8368b578fff7f0ab.z13.web.core.windows.net/",
            "primary_web_host": "diag8368b578fff7f0ab.z13.web.core.windows.net",
            "queue_properties": [
              {
                "cors_rule": [],
                "hour_metrics": [
                  {
                    "enabled": true,
                    "include_apis": true,
                    "retention_policy_days": 7,
                    "version": "1.0"
                  }
                ],
                "logging": [
                  {
                    "delete": false,
                    "read": false,
                    "retention_policy_days": 0,
                    "version": "1.0",
                    "write": false
                  }
                ],
                "minute_metrics": [
                  {
                    "enabled": false,
                    "include_apis": false,
                    "retention_policy_days": 0,
                    "version": "1.0"
                  }
                ]
              }
            ],
            "resource_group_name": "sshResourceGroup",
            "secondary_access_key": "XcY2x1fhGqWAVAeCMb+x2kKXaFI8KZYmTRwtJIwXnBy5oO/fN04R8jQ/ztEsLWxyneheGu7DivTo9av1eVJi0w==",
            "secondary_blob_connection_string": "",
            "secondary_blob_endpoint": null,
            "secondary_blob_host": null,
            "secondary_connection_string": "DefaultEndpointsProtocol=https;AccountName=diag8368b578fff7f0ab;AccountKey=XcY2x1fhGqWAVAeCMb+x2kKXaFI8KZYmTRwtJIwXnBy5oO/fN04R8jQ/ztEsLWxyneheGu7DivTo9av1eVJi0w==;EndpointSuffix=core.windows.net",
            "secondary_dfs_endpoint": null,
            "secondary_dfs_host": null,
            "secondary_file_endpoint": null,
            "secondary_file_host": null,
            "secondary_location": "",
            "secondary_queue_endpoint": null,
            "secondary_queue_host": null,
            "secondary_table_endpoint": null,
            "secondary_table_host": null,
            "secondary_web_endpoint": null,
            "secondary_web_host": null,
            "static_website": [],
            "tags": {
              "environment": "SSH Demo"
            },
            "timeouts": null
          },
          "private": "eyJlMmJmYjczMC1lY2FhLTExZTYtOGY4OC0zNDM2M2JjN2M0YzAiOnsiY3JlYXRlIjozNjAwMDAwMDAwMDAwLCJkZWxldGUiOjM2MDAwMDAwMDAwMDAsInJlYWQiOjMwMDAwMDAwMDAwMCwidXBkYXRlIjozNjAwMDAwMDAwMDAwfSwic2NoZW1hX3ZlcnNpb24iOiIyIn0=",
          "dependencies": [
            "azurerm_resource_group.sshterraformgroup",
            "random_id.randomId"
          ]
        }
      ]
    },
    {
      "mode": "managed",
      "type": "azurerm_subnet",
      "name": "sshterraformsubnet",
      "provider": "provider.azurerm",
      "instances": [
        {
          "schema_version": 0,
          "attributes": {
            "address_prefix": "10.0.1.0/24",
            "delegation": [],
            "enforce_private_link_endpoint_network_policies": false,
            "enforce_private_link_service_network_policies": false,
            "id": "/subscriptions/3136ec69-c7c7-4d73-ae13-44f44207a83f/resourceGroups/sshResourceGroup/providers/Microsoft.Network/virtualNetworks/sshVnet/subnets/sshSubnet",
            "name": "sshSubnet",
            "resource_group_name": "sshResourceGroup",
            "service_endpoints": null,
            "timeouts": null,
            "virtual_network_name": "sshVnet"
          },
          "private": "eyJlMmJmYjczMC1lY2FhLTExZTYtOGY4OC0zNDM2M2JjN2M0YzAiOnsiY3JlYXRlIjoxODAwMDAwMDAwMDAwLCJkZWxldGUiOjE4MDAwMDAwMDAwMDAsInJlYWQiOjMwMDAwMDAwMDAwMCwidXBkYXRlIjoxODAwMDAwMDAwMDAwfX0=",
          "dependencies": [
            "azurerm_resource_group.sshterraformgroup",
            "azurerm_virtual_network.sshterraformnetwork"
          ]
        }
      ]
    },
    {
      "mode": "managed",
      "type": "azurerm_virtual_network",
      "name": "sshterraformnetwork",
      "provider": "provider.azurerm",
      "instances": [
        {
          "schema_version": 0,
          "attributes": {
            "address_space": [
              "10.0.0.0/16"
            ],
            "ddos_protection_plan": [],
            "dns_servers": null,
            "id": "/subscriptions/3136ec69-c7c7-4d73-ae13-44f44207a83f/resourceGroups/sshResourceGroup/providers/Microsoft.Network/virtualNetworks/sshVnet",
            "location": "eastus",
            "name": "sshVnet",
            "resource_group_name": "sshResourceGroup",
            "subnet": [],
            "tags": {
              "environment": "SSH Demo"
            },
            "timeouts": null
          },
          "private": "eyJlMmJmYjczMC1lY2FhLTExZTYtOGY4OC0zNDM2M2JjN2M0YzAiOnsiY3JlYXRlIjoxODAwMDAwMDAwMDAwLCJkZWxldGUiOjE4MDAwMDAwMDAwMDAsInJlYWQiOjMwMDAwMDAwMDAwMCwidXBkYXRlIjoxODAwMDAwMDAwMDAwfX0=",
          "dependencies": [
            "azurerm_resource_group.sshterraformgroup"
          ]
        }
      ]
    },
    {
      "mode": "managed",
      "type": "random_id",
      "name": "randomId",
      "provider": "provider.random",
      "instances": [
        {
          "schema_version": 0,
          "attributes": {
            "b64": "g2i1eP_38Ks",
            "b64_std": "g2i1eP/38Ks=",
            "b64_url": "g2i1eP_38Ks",
            "byte_length": 8,
            "dec": "9469017747841609899",
            "hex": "8368b578fff7f0ab",
            "id": "g2i1eP_38Ks",
            "keepers": {
              "resource_group": "sshResourceGroup"
            },
            "prefix": null
          },
          "private": "bnVsbA==",
          "dependencies": [
            "azurerm_resource_group.sshterraformgroup"
          ]
        }
      ]
    }
  ]
}
